
Microsoft Visual Studio Solution File, Format Version 12.00
# Visual Studio Version 17
VisualStudioVersion = 17.12.35521.163
MinimumVisualStudioVersion = 10.0.40219.1
Project("{FAE04EC0-301F-11D3-BF4B-00C04F79EFBC}") = "Lesson1_封装_类和对象", "Lesson1_封装_类和对象\Lesson1_封装_类和对象.csproj", "{BBE39540-FF10-4D98-9C32-38BFDD37437D}"
EndProject
Project("{FAE04EC0-301F-11D3-BF4B-00C04F79EFBC}") = "Lesson3_封装_成员方法", "Lesson3_封装_成员方法\Lesson3_封装_成员方法.csproj", "{9DFCB7CA-B637-4694-AF24-3798A26BB39A}"
EndProject
Project("{FAE04EC0-301F-11D3-BF4B-00C04F79EFBC}") = "Lesson3_练习题", "Lesson3_练习题\Lesson3_练习题.csproj", "{79D92473-5653-4911-84E4-D29AAF5DEA7C}"
EndProject
Project("{FAE04EC0-301F-11D3-BF4B-00C04F79EFBC}") = "Lesson2_练习题", "Lesson2_练习题\Lesson2_练习题.csproj", "{779B55FD-C70A-4C41-9BA6-30F8F5D16A14}"
EndProject
Project("{FAE04EC0-301F-11D3-BF4B-00C04F79EFBC}") = "Lesson4_封装_构造函数和析构函数", "Lesson4_封装_构造函数和析构函数\Lesson4_封装_构造函数和析构函数.csproj", "{C1BFF57C-5F63-41D7-9599-2CC7A77ECCEC}"
EndProject
Project("{FAE04EC0-301F-11D3-BF4B-00C04F79EFBC}") = "Lesson4_练习题", "Lesson4_练习题\Lesson4_练习题.csproj", "{F1C4BD20-29E4-4729-9E32-E88F7A0F2536}"
EndProject
Project("{FAE04EC0-301F-11D3-BF4B-00C04F79EFBC}") = "Lesson2_封装_成员变量和访问修饰符", "Lesson2_封装_成员变量\Lesson2_封装_成员变量和访问修饰符.csproj", "{1085915C-DD5F-4398-839C-B84A26113C2F}"
EndProject
Project("{FAE04EC0-301F-11D3-BF4B-00C04F79EFBC}") = "Lesson5_封装_成员属性", "Lesson5_封装_成员属性\Lesson5_封装_成员属性.csproj", "{3B43101C-0FE3-4C53-BE4D-9CEE1F5186E2}"
EndProject
Project("{FAE04EC0-301F-11D3-BF4B-00C04F79EFBC}") = "Lesson6_封装_索引器", "Lesson6_封装_索引器\Lesson6_封装_索引器.csproj", "{D9C9B39C-EEBE-4A19-AE93-5BDD984E965D}"
EndProject
Project("{FAE04EC0-301F-11D3-BF4B-00C04F79EFBC}") = "Lesson5_练习题", "Lesson5_练习题\Lesson5_练习题.csproj", "{17AC3AE5-35CA-42EB-AEEF-E20870229E42}"
EndProject
Project("{FAE04EC0-301F-11D3-BF4B-00C04F79EFBC}") = "Lesson6_练习题", "Lesson6_练习题\Lesson6_练习题.csproj", "{BB7F7C3A-08B6-4908-8739-14403291271B}"
EndProject
Project("{FAE04EC0-301F-11D3-BF4B-00C04F79EFBC}") = "Lesson7_封装_静态成员", "Lesson7_封装_静态成员\Lesson7_封装_静态成员.csproj", "{7FFF9882-5B9E-4DDB-B2DB-DE400564D897}"
EndProject
Project("{FAE04EC0-301F-11D3-BF4B-00C04F79EFBC}") = "Lesson7_练习题", "Lesson7_练习题\Lesson7_练习题.csproj", "{B2DD516B-53B4-4373-B260-1560EF3E70C5}"
EndProject
Project("{FAE04EC0-301F-11D3-BF4B-00C04F79EFBC}") = "Lesson8_封装_静态类和静态构造函数", "Lesson8_封装_静态类和静态构造函数\Lesson8_封装_静态类和静态构造函数.csproj", "{7B74570F-9BFA-4FF8-AD0E-88156D207896}"
EndProject
Project("{FAE04EC0-301F-11D3-BF4B-00C04F79EFBC}") = "Lesson8_练习题", "Lesson8_练习题\Lesson8_练习题.csproj", "{936CA651-4884-4A75-86D8-D3636136688D}"
EndProject
Project("{FAE04EC0-301F-11D3-BF4B-00C04F79EFBC}") = "Lesson9_封装_拓展方法", "Lesson9_封装_拓展方法\Lesson9_封装_拓展方法.csproj", "{909452C4-A82E-462E-AB89-A83C37E1B524}"
EndProject
Project("{FAE04EC0-301F-11D3-BF4B-00C04F79EFBC}") = "Lesson9_练习题", "Lesson9_练习题\Lesson9_练习题.csproj", "{EE02E9E7-E5C9-4DAD-9001-7D94BD9FBB69}"
EndProject
Project("{FAE04EC0-301F-11D3-BF4B-00C04F79EFBC}") = "Lesson10_封装_运算符重载", "Lesson10_封装_运算符重载\Lesson10_封装_运算符重载.csproj", "{88693A2D-7CCE-4C4E-B482-4524ED800B5E}"
EndProject
Project("{FAE04EC0-301F-11D3-BF4B-00C04F79EFBC}") = "Lesson10_练习题", "Lesson10_练习题\Lesson10_练习题.csproj", "{40242D3B-3221-48A5-AB1A-EDDF3081621A}"
EndProject
Project("{FAE04EC0-301F-11D3-BF4B-00C04F79EFBC}") = "Lesson11_封装_内部类和分部类", "Lesson11_封装_内部类和分部类\Lesson11_封装_内部类和分部类.csproj", "{1974B418-CA25-436D-BDDE-C3D791E321FC}"
EndProject
Project("{FAE04EC0-301F-11D3-BF4B-00C04F79EFBC}") = "Lesson12_继承_继承的基本规则", "Lesson12_继承_继承的基本规则\Lesson12_继承_继承的基本规则.csproj", "{ED96FAD8-E19D-4A00-9AD9-B8FA7BAC06AA}"
EndProject
Project("{FAE04EC0-301F-11D3-BF4B-00C04F79EFBC}") = "Lesson13_继承_里氏替换原则", "Lesson13_继承_里氏替换原则\Lesson13_继承_里氏替换原则.csproj", "{7F325B0F-F61D-41A7-8940-336E7F46E331}"
EndProject
Project("{FAE04EC0-301F-11D3-BF4B-00C04F79EFBC}") = "Lesson14_继承_继承中的构造函数", "Lesson14_继承_继承中的构造函数\Lesson14_继承_继承中的构造函数.csproj", "{FADF5AB4-E3BB-4D66-8217-F5D762F456E8}"
EndProject
Project("{FAE04EC0-301F-11D3-BF4B-00C04F79EFBC}") = "Lesson15_继承_万物之父和装箱拆箱", "Lesson15_继承_万物之父和装箱拆箱\Lesson15_继承_万物之父和装箱拆箱.csproj", "{03F0A846-8141-4B90-8150-0D6481C4165A}"
EndProject
Project("{FAE04EC0-301F-11D3-BF4B-00C04F79EFBC}") = "Lesson12_练习题", "Lesson12_练习题\Lesson12_练习题.csproj", "{E1941EA9-E3BA-4E4A-9778-363692445303}"
EndProject
Project("{FAE04EC0-301F-11D3-BF4B-00C04F79EFBC}") = "Lesson13_练习题", "Lesson13_练习题\Lesson13_练习题.csproj", "{13A55907-6E11-48F5-BCCD-BF2EB780BA6C}"
EndProject
Project("{FAE04EC0-301F-11D3-BF4B-00C04F79EFBC}") = "Lesson14_练习题", "Lesson14_练习题\Lesson14_练习题.csproj", "{8827973A-5484-4D5C-B62C-C8AA60BD8BF5}"
EndProject
Project("{FAE04EC0-301F-11D3-BF4B-00C04F79EFBC}") = "Lesson15_练习题", "Lesson15_练习题\Lesson15_练习题.csproj", "{6F96120F-B7F5-4903-8347-C5D819F49490}"
EndProject
Project("{FAE04EC0-301F-11D3-BF4B-00C04F79EFBC}") = "Lesson16_继承_密封类", "Lesson16_继承_密封类\Lesson16_继承_密封类.csproj", "{22E44FBA-1932-40EC-A24B-D50EA9B72B11}"
EndProject
Project("{FAE04EC0-301F-11D3-BF4B-00C04F79EFBC}") = "Lesson17_多态_vob", "Lesson17_多态_vob\Lesson17_多态_vob.csproj", "{52C5B90E-0C5C-4609-B8B0-B2724C84FE48}"
EndProject
Project("{FAE04EC0-301F-11D3-BF4B-00C04F79EFBC}") = "Lesson18_多态_抽象类和抽象方法", "Lesson18_多态_抽象类和抽象方法\Lesson18_多态_抽象类和抽象方法.csproj", "{D942465D-470C-453D-BC5B-00490F30E75A}"
EndProject
Project("{FAE04EC0-301F-11D3-BF4B-00C04F79EFBC}") = "Lesson19_多态_接口", "Lesson19_多态_接口\Lesson19_多态_接口.csproj", "{A30D4CF0-328A-4161-9CA2-6C3CC0DADEDF}"
EndProject
Global
	GlobalSection(SolutionConfigurationPlatforms) = preSolution
		Debug|Any CPU = Debug|Any CPU
		Release|Any CPU = Release|Any CPU
	EndGlobalSection
	GlobalSection(ProjectConfigurationPlatforms) = postSolution
		{BBE39540-FF10-4D98-9C32-38BFDD37437D}.Debug|Any CPU.ActiveCfg = Debug|Any CPU
		{BBE39540-FF10-4D98-9C32-38BFDD37437D}.Debug|Any CPU.Build.0 = Debug|Any CPU
		{BBE39540-FF10-4D98-9C32-38BFDD37437D}.Release|Any CPU.ActiveCfg = Release|Any CPU
		{BBE39540-FF10-4D98-9C32-38BFDD37437D}.Release|Any CPU.Build.0 = Release|Any CPU
		{9DFCB7CA-B637-4694-AF24-3798A26BB39A}.Debug|Any CPU.ActiveCfg = Debug|Any CPU
		{9DFCB7CA-B637-4694-AF24-3798A26BB39A}.Debug|Any CPU.Build.0 = Debug|Any CPU
		{9DFCB7CA-B637-4694-AF24-3798A26BB39A}.Release|Any CPU.ActiveCfg = Release|Any CPU
		{9DFCB7CA-B637-4694-AF24-3798A26BB39A}.Release|Any CPU.Build.0 = Release|Any CPU
		{79D92473-5653-4911-84E4-D29AAF5DEA7C}.Debug|Any CPU.ActiveCfg = Debug|Any CPU
		{79D92473-5653-4911-84E4-D29AAF5DEA7C}.Debug|Any CPU.Build.0 = Debug|Any CPU
		{79D92473-5653-4911-84E4-D29AAF5DEA7C}.Release|Any CPU.ActiveCfg = Release|Any CPU
		{79D92473-5653-4911-84E4-D29AAF5DEA7C}.Release|Any CPU.Build.0 = Release|Any CPU
		{779B55FD-C70A-4C41-9BA6-30F8F5D16A14}.Debug|Any CPU.ActiveCfg = Debug|Any CPU
		{779B55FD-C70A-4C41-9BA6-30F8F5D16A14}.Debug|Any CPU.Build.0 = Debug|Any CPU
		{779B55FD-C70A-4C41-9BA6-30F8F5D16A14}.Release|Any CPU.ActiveCfg = Release|Any CPU
		{779B55FD-C70A-4C41-9BA6-30F8F5D16A14}.Release|Any CPU.Build.0 = Release|Any CPU
		{C1BFF57C-5F63-41D7-9599-2CC7A77ECCEC}.Debug|Any CPU.ActiveCfg = Debug|Any CPU
		{C1BFF57C-5F63-41D7-9599-2CC7A77ECCEC}.Debug|Any CPU.Build.0 = Debug|Any CPU
		{C1BFF57C-5F63-41D7-9599-2CC7A77ECCEC}.Release|Any CPU.ActiveCfg = Release|Any CPU
		{C1BFF57C-5F63-41D7-9599-2CC7A77ECCEC}.Release|Any CPU.Build.0 = Release|Any CPU
		{F1C4BD20-29E4-4729-9E32-E88F7A0F2536}.Debug|Any CPU.ActiveCfg = Debug|Any CPU
		{F1C4BD20-29E4-4729-9E32-E88F7A0F2536}.Debug|Any CPU.Build.0 = Debug|Any CPU
		{F1C4BD20-29E4-4729-9E32-E88F7A0F2536}.Release|Any CPU.ActiveCfg = Release|Any CPU
		{F1C4BD20-29E4-4729-9E32-E88F7A0F2536}.Release|Any CPU.Build.0 = Release|Any CPU
		{1085915C-DD5F-4398-839C-B84A26113C2F}.Debug|Any CPU.ActiveCfg = Debug|Any CPU
		{1085915C-DD5F-4398-839C-B84A26113C2F}.Debug|Any CPU.Build.0 = Debug|Any CPU
		{1085915C-DD5F-4398-839C-B84A26113C2F}.Release|Any CPU.ActiveCfg = Release|Any CPU
		{1085915C-DD5F-4398-839C-B84A26113C2F}.Release|Any CPU.Build.0 = Release|Any CPU
		{3B43101C-0FE3-4C53-BE4D-9CEE1F5186E2}.Debug|Any CPU.ActiveCfg = Debug|Any CPU
		{3B43101C-0FE3-4C53-BE4D-9CEE1F5186E2}.Debug|Any CPU.Build.0 = Debug|Any CPU
		{3B43101C-0FE3-4C53-BE4D-9CEE1F5186E2}.Release|Any CPU.ActiveCfg = Release|Any CPU
		{3B43101C-0FE3-4C53-BE4D-9CEE1F5186E2}.Release|Any CPU.Build.0 = Release|Any CPU
		{D9C9B39C-EEBE-4A19-AE93-5BDD984E965D}.Debug|Any CPU.ActiveCfg = Debug|Any CPU
		{D9C9B39C-EEBE-4A19-AE93-5BDD984E965D}.Debug|Any CPU.Build.0 = Debug|Any CPU
		{D9C9B39C-EEBE-4A19-AE93-5BDD984E965D}.Release|Any CPU.ActiveCfg = Release|Any CPU
		{D9C9B39C-EEBE-4A19-AE93-5BDD984E965D}.Release|Any CPU.Build.0 = Release|Any CPU
		{17AC3AE5-35CA-42EB-AEEF-E20870229E42}.Debug|Any CPU.ActiveCfg = Debug|Any CPU
		{17AC3AE5-35CA-42EB-AEEF-E20870229E42}.Debug|Any CPU.Build.0 = Debug|Any CPU
		{17AC3AE5-35CA-42EB-AEEF-E20870229E42}.Release|Any CPU.ActiveCfg = Release|Any CPU
		{17AC3AE5-35CA-42EB-AEEF-E20870229E42}.Release|Any CPU.Build.0 = Release|Any CPU
		{BB7F7C3A-08B6-4908-8739-14403291271B}.Debug|Any CPU.ActiveCfg = Debug|Any CPU
		{BB7F7C3A-08B6-4908-8739-14403291271B}.Debug|Any CPU.Build.0 = Debug|Any CPU
		{BB7F7C3A-08B6-4908-8739-14403291271B}.Release|Any CPU.ActiveCfg = Release|Any CPU
		{BB7F7C3A-08B6-4908-8739-14403291271B}.Release|Any CPU.Build.0 = Release|Any CPU
		{7FFF9882-5B9E-4DDB-B2DB-DE400564D897}.Debug|Any CPU.ActiveCfg = Debug|Any CPU
		{7FFF9882-5B9E-4DDB-B2DB-DE400564D897}.Debug|Any CPU.Build.0 = Debug|Any CPU
		{7FFF9882-5B9E-4DDB-B2DB-DE400564D897}.Release|Any CPU.ActiveCfg = Release|Any CPU
		{7FFF9882-5B9E-4DDB-B2DB-DE400564D897}.Release|Any CPU.Build.0 = Release|Any CPU
		{B2DD516B-53B4-4373-B260-1560EF3E70C5}.Debug|Any CPU.ActiveCfg = Debug|Any CPU
		{B2DD516B-53B4-4373-B260-1560EF3E70C5}.Debug|Any CPU.Build.0 = Debug|Any CPU
		{B2DD516B-53B4-4373-B260-1560EF3E70C5}.Release|Any CPU.ActiveCfg = Release|Any CPU
		{B2DD516B-53B4-4373-B260-1560EF3E70C5}.Release|Any CPU.Build.0 = Release|Any CPU
		{7B74570F-9BFA-4FF8-AD0E-88156D207896}.Debug|Any CPU.ActiveCfg = Debug|Any CPU
		{7B74570F-9BFA-4FF8-AD0E-88156D207896}.Debug|Any CPU.Build.0 = Debug|Any CPU
		{7B74570F-9BFA-4FF8-AD0E-88156D207896}.Release|Any CPU.ActiveCfg = Release|Any CPU
		{7B74570F-9BFA-4FF8-AD0E-88156D207896}.Release|Any CPU.Build.0 = Release|Any CPU
		{936CA651-4884-4A75-86D8-D3636136688D}.Debug|Any CPU.ActiveCfg = Debug|Any CPU
		{936CA651-4884-4A75-86D8-D3636136688D}.Debug|Any CPU.Build.0 = Debug|Any CPU
		{936CA651-4884-4A75-86D8-D3636136688D}.Release|Any CPU.ActiveCfg = Release|Any CPU
		{936CA651-4884-4A75-86D8-D3636136688D}.Release|Any CPU.Build.0 = Release|Any CPU
		{909452C4-A82E-462E-AB89-A83C37E1B524}.Debug|Any CPU.ActiveCfg = Debug|Any CPU
		{909452C4-A82E-462E-AB89-A83C37E1B524}.Debug|Any CPU.Build.0 = Debug|Any CPU
		{909452C4-A82E-462E-AB89-A83C37E1B524}.Release|Any CPU.ActiveCfg = Release|Any CPU
		{909452C4-A82E-462E-AB89-A83C37E1B524}.Release|Any CPU.Build.0 = Release|Any CPU
		{EE02E9E7-E5C9-4DAD-9001-7D94BD9FBB69}.Debug|Any CPU.ActiveCfg = Debug|Any CPU
		{EE02E9E7-E5C9-4DAD-9001-7D94BD9FBB69}.Debug|Any CPU.Build.0 = Debug|Any CPU
		{EE02E9E7-E5C9-4DAD-9001-7D94BD9FBB69}.Release|Any CPU.ActiveCfg = Release|Any CPU
		{EE02E9E7-E5C9-4DAD-9001-7D94BD9FBB69}.Release|Any CPU.Build.0 = Release|Any CPU
		{88693A2D-7CCE-4C4E-B482-4524ED800B5E}.Debug|Any CPU.ActiveCfg = Debug|Any CPU
		{88693A2D-7CCE-4C4E-B482-4524ED800B5E}.Debug|Any CPU.Build.0 = Debug|Any CPU
		{88693A2D-7CCE-4C4E-B482-4524ED800B5E}.Release|Any CPU.ActiveCfg = Release|Any CPU
		{88693A2D-7CCE-4C4E-B482-4524ED800B5E}.Release|Any CPU.Build.0 = Release|Any CPU
		{40242D3B-3221-48A5-AB1A-EDDF3081621A}.Debug|Any CPU.ActiveCfg = Debug|Any CPU
		{40242D3B-3221-48A5-AB1A-EDDF3081621A}.Debug|Any CPU.Build.0 = Debug|Any CPU
		{40242D3B-3221-48A5-AB1A-EDDF3081621A}.Release|Any CPU.ActiveCfg = Release|Any CPU
		{40242D3B-3221-48A5-AB1A-EDDF3081621A}.Release|Any CPU.Build.0 = Release|Any CPU
		{1974B418-CA25-436D-BDDE-C3D791E321FC}.Debug|Any CPU.ActiveCfg = Debug|Any CPU
		{1974B418-CA25-436D-BDDE-C3D791E321FC}.Debug|Any CPU.Build.0 = Debug|Any CPU
		{1974B418-CA25-436D-BDDE-C3D791E321FC}.Release|Any CPU.ActiveCfg = Release|Any CPU
		{1974B418-CA25-436D-BDDE-C3D791E321FC}.Release|Any CPU.Build.0 = Release|Any CPU
		{ED96FAD8-E19D-4A00-9AD9-B8FA7BAC06AA}.Debug|Any CPU.ActiveCfg = Debug|Any CPU
		{ED96FAD8-E19D-4A00-9AD9-B8FA7BAC06AA}.Debug|Any CPU.Build.0 = Debug|Any CPU
		{ED96FAD8-E19D-4A00-9AD9-B8FA7BAC06AA}.Release|Any CPU.ActiveCfg = Release|Any CPU
		{ED96FAD8-E19D-4A00-9AD9-B8FA7BAC06AA}.Release|Any CPU.Build.0 = Release|Any CPU
		{7F325B0F-F61D-41A7-8940-336E7F46E331}.Debug|Any CPU.ActiveCfg = Debug|Any CPU
		{7F325B0F-F61D-41A7-8940-336E7F46E331}.Debug|Any CPU.Build.0 = Debug|Any CPU
		{7F325B0F-F61D-41A7-8940-336E7F46E331}.Release|Any CPU.ActiveCfg = Release|Any CPU
		{7F325B0F-F61D-41A7-8940-336E7F46E331}.Release|Any CPU.Build.0 = Release|Any CPU
		{FADF5AB4-E3BB-4D66-8217-F5D762F456E8}.Debug|Any CPU.ActiveCfg = Debug|Any CPU
		{FADF5AB4-E3BB-4D66-8217-F5D762F456E8}.Debug|Any CPU.Build.0 = Debug|Any CPU
		{FADF5AB4-E3BB-4D66-8217-F5D762F456E8}.Release|Any CPU.ActiveCfg = Release|Any CPU
		{FADF5AB4-E3BB-4D66-8217-F5D762F456E8}.Release|Any CPU.Build.0 = Release|Any CPU
		{03F0A846-8141-4B90-8150-0D6481C4165A}.Debug|Any CPU.ActiveCfg = Debug|Any CPU
		{03F0A846-8141-4B90-8150-0D6481C4165A}.Debug|Any CPU.Build.0 = Debug|Any CPU
		{03F0A846-8141-4B90-8150-0D6481C4165A}.Release|Any CPU.ActiveCfg = Release|Any CPU
		{03F0A846-8141-4B90-8150-0D6481C4165A}.Release|Any CPU.Build.0 = Release|Any CPU
		{E1941EA9-E3BA-4E4A-9778-363692445303}.Debug|Any CPU.ActiveCfg = Debug|Any CPU
		{E1941EA9-E3BA-4E4A-9778-363692445303}.Debug|Any CPU.Build.0 = Debug|Any CPU
		{E1941EA9-E3BA-4E4A-9778-363692445303}.Release|Any CPU.ActiveCfg = Release|Any CPU
		{E1941EA9-E3BA-4E4A-9778-363692445303}.Release|Any CPU.Build.0 = Release|Any CPU
		{13A55907-6E11-48F5-BCCD-BF2EB780BA6C}.Debug|Any CPU.ActiveCfg = Debug|Any CPU
		{13A55907-6E11-48F5-BCCD-BF2EB780BA6C}.Debug|Any CPU.Build.0 = Debug|Any CPU
		{13A55907-6E11-48F5-BCCD-BF2EB780BA6C}.Release|Any CPU.ActiveCfg = Release|Any CPU
		{13A55907-6E11-48F5-BCCD-BF2EB780BA6C}.Release|Any CPU.Build.0 = Release|Any CPU
		{8827973A-5484-4D5C-B62C-C8AA60BD8BF5}.Debug|Any CPU.ActiveCfg = Debug|Any CPU
		{8827973A-5484-4D5C-B62C-C8AA60BD8BF5}.Debug|Any CPU.Build.0 = Debug|Any CPU
		{8827973A-5484-4D5C-B62C-C8AA60BD8BF5}.Release|Any CPU.ActiveCfg = Release|Any CPU
		{8827973A-5484-4D5C-B62C-C8AA60BD8BF5}.Release|Any CPU.Build.0 = Release|Any CPU
		{6F96120F-B7F5-4903-8347-C5D819F49490}.Debug|Any CPU.ActiveCfg = Debug|Any CPU
		{6F96120F-B7F5-4903-8347-C5D819F49490}.Debug|Any CPU.Build.0 = Debug|Any CPU
		{6F96120F-B7F5-4903-8347-C5D819F49490}.Release|Any CPU.ActiveCfg = Release|Any CPU
		{6F96120F-B7F5-4903-8347-C5D819F49490}.Release|Any CPU.Build.0 = Release|Any CPU
		{22E44FBA-1932-40EC-A24B-D50EA9B72B11}.Debug|Any CPU.ActiveCfg = Debug|Any CPU
		{22E44FBA-1932-40EC-A24B-D50EA9B72B11}.Debug|Any CPU.Build.0 = Debug|Any CPU
		{22E44FBA-1932-40EC-A24B-D50EA9B72B11}.Release|Any CPU.ActiveCfg = Release|Any CPU
		{22E44FBA-1932-40EC-A24B-D50EA9B72B11}.Release|Any CPU.Build.0 = Release|Any CPU
		{52C5B90E-0C5C-4609-B8B0-B2724C84FE48}.Debug|Any CPU.ActiveCfg = Debug|Any CPU
		{52C5B90E-0C5C-4609-B8B0-B2724C84FE48}.Debug|Any CPU.Build.0 = Debug|Any CPU
		{52C5B90E-0C5C-4609-B8B0-B2724C84FE48}.Release|Any CPU.ActiveCfg = Release|Any CPU
		{52C5B90E-0C5C-4609-B8B0-B2724C84FE48}.Release|Any CPU.Build.0 = Release|Any CPU
		{D942465D-470C-453D-BC5B-00490F30E75A}.Debug|Any CPU.ActiveCfg = Debug|Any CPU
		{D942465D-470C-453D-BC5B-00490F30E75A}.Debug|Any CPU.Build.0 = Debug|Any CPU
		{D942465D-470C-453D-BC5B-00490F30E75A}.Release|Any CPU.ActiveCfg = Release|Any CPU
		{D942465D-470C-453D-BC5B-00490F30E75A}.Release|Any CPU.Build.0 = Release|Any CPU
		{A30D4CF0-328A-4161-9CA2-6C3CC0DADEDF}.Debug|Any CPU.ActiveCfg = Debug|Any CPU
		{A30D4CF0-328A-4161-9CA2-6C3CC0DADEDF}.Debug|Any CPU.Build.0 = Debug|Any CPU
		{A30D4CF0-328A-4161-9CA2-6C3CC0DADEDF}.Release|Any CPU.ActiveCfg = Release|Any CPU
		{A30D4CF0-328A-4161-9CA2-6C3CC0DADEDF}.Release|Any CPU.Build.0 = Release|Any CPU
	EndGlobalSection
	GlobalSection(SolutionProperties) = preSolution
		HideSolutionNode = FALSE
	EndGlobalSection
EndGlobal
