
Microsoft Visual Studio Solution File, Format Version 12.00
# Visual Studio Version 17
VisualStudioVersion = 17.12.35521.163
MinimumVisualStudioVersion = 10.0.40219.1
Project("{FAE04EC0-301F-11D3-BF4B-00C04F79EFBC}") = "Lesson1_封装_类和对象", "Lesson1_封装_类和对象\Lesson1_封装_类和对象.csproj", "{BBE39540-FF10-4D98-9C32-38BFDD37437D}"
EndProject
Project("{FAE04EC0-301F-11D3-BF4B-00C04F79EFBC}") = "Lesson3_封装_成员方法", "Lesson3_封装_成员方法\Lesson3_封装_成员方法.csproj", "{9DFCB7CA-B637-4694-AF24-3798A26BB39A}"
EndProject
Project("{FAE04EC0-301F-11D3-BF4B-00C04F79EFBC}") = "Lesson3_练习题", "Lesson3_练习题\Lesson3_练习题.csproj", "{79D92473-5653-4911-84E4-D29AAF5DEA7C}"
EndProject
Project("{FAE04EC0-301F-11D3-BF4B-00C04F79EFBC}") = "Lesson2_练习题", "Lesson2_练习题\Lesson2_练习题.csproj", "{779B55FD-C70A-4C41-9BA6-30F8F5D16A14}"
EndProject
Project("{FAE04EC0-301F-11D3-BF4B-00C04F79EFBC}") = "Lesson4_封装_构造函数和析构函数", "Lesson4_封装_构造函数和析构函数\Lesson4_封装_构造函数和析构函数.csproj", "{C1BFF57C-5F63-41D7-9599-2CC7A77ECCEC}"
EndProject
Project("{FAE04EC0-301F-11D3-BF4B-00C04F79EFBC}") = "Lesson4_练习题", "Lesson4_练习题\Lesson4_练习题.csproj", "{F1C4BD20-29E4-4729-9E32-E88F7A0F2536}"
EndProject
Project("{FAE04EC0-301F-11D3-BF4B-00C04F79EFBC}") = "Lesson2_封装_成员变量和访问修饰符", "Lesson2_封装_成员变量\Lesson2_封装_成员变量和访问修饰符.csproj", "{1085915C-DD5F-4398-839C-B84A26113C2F}"
EndProject
Project("{FAE04EC0-301F-11D3-BF4B-00C04F79EFBC}") = "Lesson5_封装_成员属性", "Lesson5_封装_成员属性\Lesson5_封装_成员属性.csproj", "{3B43101C-0FE3-4C53-BE4D-9CEE1F5186E2}"
EndProject
Project("{FAE04EC0-301F-11D3-BF4B-00C04F79EFBC}") = "Lesson6_封装_索引器", "Lesson6_封装_索引器\Lesson6_封装_索引器.csproj", "{D9C9B39C-EEBE-4A19-AE93-5BDD984E965D}"
EndProject
Project("{FAE04EC0-301F-11D3-BF4B-00C04F79EFBC}") = "Lesson5_练习题", "Lesson5_练习题\Lesson5_练习题.csproj", "{17AC3AE5-35CA-42EB-AEEF-E20870229E42}"
EndProject
Project("{FAE04EC0-301F-11D3-BF4B-00C04F79EFBC}") = "Lesson6_练习题", "Lesson6_练习题\Lesson6_练习题.csproj", "{BB7F7C3A-08B6-4908-8739-14403291271B}"
EndProject
Global
	GlobalSection(SolutionConfigurationPlatforms) = preSolution
		Debug|Any CPU = Debug|Any CPU
		Release|Any CPU = Release|Any CPU
	EndGlobalSection
	GlobalSection(ProjectConfigurationPlatforms) = postSolution
		{BBE39540-FF10-4D98-9C32-38BFDD37437D}.Debug|Any CPU.ActiveCfg = Debug|Any CPU
		{BBE39540-FF10-4D98-9C32-38BFDD37437D}.Debug|Any CPU.Build.0 = Debug|Any CPU
		{BBE39540-FF10-4D98-9C32-38BFDD37437D}.Release|Any CPU.ActiveCfg = Release|Any CPU
		{BBE39540-FF10-4D98-9C32-38BFDD37437D}.Release|Any CPU.Build.0 = Release|Any CPU
		{9DFCB7CA-B637-4694-AF24-3798A26BB39A}.Debug|Any CPU.ActiveCfg = Debug|Any CPU
		{9DFCB7CA-B637-4694-AF24-3798A26BB39A}.Debug|Any CPU.Build.0 = Debug|Any CPU
		{9DFCB7CA-B637-4694-AF24-3798A26BB39A}.Release|Any CPU.ActiveCfg = Release|Any CPU
		{9DFCB7CA-B637-4694-AF24-3798A26BB39A}.Release|Any CPU.Build.0 = Release|Any CPU
		{79D92473-5653-4911-84E4-D29AAF5DEA7C}.Debug|Any CPU.ActiveCfg = Debug|Any CPU
		{79D92473-5653-4911-84E4-D29AAF5DEA7C}.Debug|Any CPU.Build.0 = Debug|Any CPU
		{79D92473-5653-4911-84E4-D29AAF5DEA7C}.Release|Any CPU.ActiveCfg = Release|Any CPU
		{79D92473-5653-4911-84E4-D29AAF5DEA7C}.Release|Any CPU.Build.0 = Release|Any CPU
		{779B55FD-C70A-4C41-9BA6-30F8F5D16A14}.Debug|Any CPU.ActiveCfg = Debug|Any CPU
		{779B55FD-C70A-4C41-9BA6-30F8F5D16A14}.Debug|Any CPU.Build.0 = Debug|Any CPU
		{779B55FD-C70A-4C41-9BA6-30F8F5D16A14}.Release|Any CPU.ActiveCfg = Release|Any CPU
		{779B55FD-C70A-4C41-9BA6-30F8F5D16A14}.Release|Any CPU.Build.0 = Release|Any CPU
		{C1BFF57C-5F63-41D7-9599-2CC7A77ECCEC}.Debug|Any CPU.ActiveCfg = Debug|Any CPU
		{C1BFF57C-5F63-41D7-9599-2CC7A77ECCEC}.Debug|Any CPU.Build.0 = Debug|Any CPU
		{C1BFF57C-5F63-41D7-9599-2CC7A77ECCEC}.Release|Any CPU.ActiveCfg = Release|Any CPU
		{C1BFF57C-5F63-41D7-9599-2CC7A77ECCEC}.Release|Any CPU.Build.0 = Release|Any CPU
		{F1C4BD20-29E4-4729-9E32-E88F7A0F2536}.Debug|Any CPU.ActiveCfg = Debug|Any CPU
		{F1C4BD20-29E4-4729-9E32-E88F7A0F2536}.Debug|Any CPU.Build.0 = Debug|Any CPU
		{F1C4BD20-29E4-4729-9E32-E88F7A0F2536}.Release|Any CPU.ActiveCfg = Release|Any CPU
		{F1C4BD20-29E4-4729-9E32-E88F7A0F2536}.Release|Any CPU.Build.0 = Release|Any CPU
		{1085915C-DD5F-4398-839C-B84A26113C2F}.Debug|Any CPU.ActiveCfg = Debug|Any CPU
		{1085915C-DD5F-4398-839C-B84A26113C2F}.Debug|Any CPU.Build.0 = Debug|Any CPU
		{1085915C-DD5F-4398-839C-B84A26113C2F}.Release|Any CPU.ActiveCfg = Release|Any CPU
		{1085915C-DD5F-4398-839C-B84A26113C2F}.Release|Any CPU.Build.0 = Release|Any CPU
		{3B43101C-0FE3-4C53-BE4D-9CEE1F5186E2}.Debug|Any CPU.ActiveCfg = Debug|Any CPU
		{3B43101C-0FE3-4C53-BE4D-9CEE1F5186E2}.Debug|Any CPU.Build.0 = Debug|Any CPU
		{3B43101C-0FE3-4C53-BE4D-9CEE1F5186E2}.Release|Any CPU.ActiveCfg = Release|Any CPU
		{3B43101C-0FE3-4C53-BE4D-9CEE1F5186E2}.Release|Any CPU.Build.0 = Release|Any CPU
		{D9C9B39C-EEBE-4A19-AE93-5BDD984E965D}.Debug|Any CPU.ActiveCfg = Debug|Any CPU
		{D9C9B39C-EEBE-4A19-AE93-5BDD984E965D}.Debug|Any CPU.Build.0 = Debug|Any CPU
		{D9C9B39C-EEBE-4A19-AE93-5BDD984E965D}.Release|Any CPU.ActiveCfg = Release|Any CPU
		{D9C9B39C-EEBE-4A19-AE93-5BDD984E965D}.Release|Any CPU.Build.0 = Release|Any CPU
		{17AC3AE5-35CA-42EB-AEEF-E20870229E42}.Debug|Any CPU.ActiveCfg = Debug|Any CPU
		{17AC3AE5-35CA-42EB-AEEF-E20870229E42}.Debug|Any CPU.Build.0 = Debug|Any CPU
		{17AC3AE5-35CA-42EB-AEEF-E20870229E42}.Release|Any CPU.ActiveCfg = Release|Any CPU
		{17AC3AE5-35CA-42EB-AEEF-E20870229E42}.Release|Any CPU.Build.0 = Release|Any CPU
		{BB7F7C3A-08B6-4908-8739-14403291271B}.Debug|Any CPU.ActiveCfg = Debug|Any CPU
		{BB7F7C3A-08B6-4908-8739-14403291271B}.Debug|Any CPU.Build.0 = Debug|Any CPU
		{BB7F7C3A-08B6-4908-8739-14403291271B}.Release|Any CPU.ActiveCfg = Release|Any CPU
		{BB7F7C3A-08B6-4908-8739-14403291271B}.Release|Any CPU.Build.0 = Release|Any CPU
	EndGlobalSection
	GlobalSection(SolutionProperties) = preSolution
		HideSolutionNode = FALSE
	EndGlobalSection
EndGlobal
